
Microsoft Visual Studio Solution File, Format Version 12.00
# Visual Studio Version 17
VisualStudioVersion = 17.7.34202.233
MinimumVisualStudioVersion = 10.0.40219.1
Project("{FAE04EC0-301F-11D3-BF4B-00C04F79EFBC}") = "MauiApp1", "MauiApp1\MauiApp1.csproj", "{87CB8DC1-DA41-49D9-B932-E7BA49142D1B}"
EndProject
Global
	GlobalSection(SolutionConfigurationPlatforms) = preSolution
		Debug|Any CPU = Debug|Any CPU
		Release|Any CPU = Release|Any CPU
	EndGlobalSection
	GlobalSection(ProjectConfigurationPlatforms) = postSolution
		{87CB8DC1-DA41-49D9-B932-E7BA49142D1B}.Debug|Any CPU.ActiveCfg = Debug|Any CPU
		{87CB8DC1-DA41-49D9-B932-E7BA49142D1B}.Debug|Any CPU.Build.0 = Debug|Any CPU
		{87CB8DC1-DA41-49D9-B932-E7BA49142D1B}.Debug|Any CPU.Deploy.0 = Debug|Any CPU
		{87CB8DC1-DA41-49D9-B932-E7BA49142D1B}.Release|Any CPU.ActiveCfg = Release|Any CPU
		{87CB8DC1-DA41-49D9-B932-E7BA49142D1B}.Release|Any CPU.Build.0 = Release|Any CPU
		{87CB8DC1-DA41-49D9-B932-E7BA49142D1B}.Release|Any CPU.Deploy.0 = Release|Any CPU
	EndGlobalSection
	GlobalSection(SolutionProperties) = preSolution
		HideSolutionNode = FALSE
	EndGlobalSection
	GlobalSection(ExtensibilityGlobals) = postSolution
		SolutionGuid = {123A66AE-9809-4AFE-839A-C2E98EAFDF51}
	EndGlobalSection
EndGlobal
